
Microsoft Visual Studio Solution File, Format Version 12.00
# Visual Studio 15
VisualStudioVersion = 15.0.28010.2050
MinimumVisualStudioVersion = 10.0.40219.1
Project("{FAE04EC0-301F-11D3-BF4B-00C04F79EFBC}") = "App.Android", "App\App.Android\App.Android.csproj", "{0492F74D-7489-42C9-B0F6-F56FF60EC9BA}"
EndProject
Project("{FAE04EC0-301F-11D3-BF4B-00C04F79EFBC}") = "App.iOS", "App\App.iOS\App.iOS.csproj", "{13A27B27-3EB4-4498-AD73-8E2084B946C4}"
EndProject
Project("{FAE04EC0-301F-11D3-BF4B-00C04F79EFBC}") = "App", "App\App\App.csproj", "{57DCBF17-CE71-4DC7-A509-C77DA880AE09}"
EndProject
Global
	GlobalSection(SolutionConfigurationPlatforms) = preSolution
		Ad-Hoc|Any CPU = Ad-Hoc|Any CPU
		Ad-Hoc|iPhone = Ad-Hoc|iPhone
		Ad-Hoc|iPhoneSimulator = Ad-Hoc|iPhoneSimulator
		AppStore|Any CPU = AppStore|Any CPU
		AppStore|iPhone = AppStore|iPhone
		AppStore|iPhoneSimulator = AppStore|iPhoneSimulator
		Debug|Any CPU = Debug|Any CPU
		Debug|iPhone = Debug|iPhone
		Debug|iPhoneSimulator = Debug|iPhoneSimulator
		Release|Any CPU = Release|Any CPU
		Release|iPhone = Release|iPhone
		Release|iPhoneSimulator = Release|iPhoneSimulator
	EndGlobalSection
	GlobalSection(ProjectConfigurationPlatforms) = postSolution
		{0492F74D-7489-42C9-B0F6-F56FF60EC9BA}.Ad-Hoc|Any CPU.ActiveCfg = Release|Any CPU
		{0492F74D-7489-42C9-B0F6-F56FF60EC9BA}.Ad-Hoc|Any CPU.Build.0 = Release|Any CPU
		{0492F74D-7489-42C9-B0F6-F56FF60EC9BA}.Ad-Hoc|Any CPU.Deploy.0 = Release|Any CPU
		{0492F74D-7489-42C9-B0F6-F56FF60EC9BA}.Ad-Hoc|iPhone.ActiveCfg = Release|Any CPU
		{0492F74D-7489-42C9-B0F6-F56FF60EC9BA}.Ad-Hoc|iPhone.Build.0 = Release|Any CPU
		{0492F74D-7489-42C9-B0F6-F56FF60EC9BA}.Ad-Hoc|iPhone.Deploy.0 = Release|Any CPU
		{0492F74D-7489-42C9-B0F6-F56FF60EC9BA}.Ad-Hoc|iPhoneSimulator.ActiveCfg = Release|Any CPU
		{0492F74D-7489-42C9-B0F6-F56FF60EC9BA}.Ad-Hoc|iPhoneSimulator.Build.0 = Release|Any CPU
		{0492F74D-7489-42C9-B0F6-F56FF60EC9BA}.Ad-Hoc|iPhoneSimulator.Deploy.0 = Release|Any CPU
		{0492F74D-7489-42C9-B0F6-F56FF60EC9BA}.AppStore|Any CPU.ActiveCfg = Release|Any CPU
		{0492F74D-7489-42C9-B0F6-F56FF60EC9BA}.AppStore|Any CPU.Build.0 = Release|Any CPU
		{0492F74D-7489-42C9-B0F6-F56FF60EC9BA}.AppStore|Any CPU.Deploy.0 = Release|Any CPU
		{0492F74D-7489-42C9-B0F6-F56FF60EC9BA}.AppStore|iPhone.ActiveCfg = Release|Any CPU
		{0492F74D-7489-42C9-B0F6-F56FF60EC9BA}.AppStore|iPhone.Build.0 = Release|Any CPU
		{0492F74D-7489-42C9-B0F6-F56FF60EC9BA}.AppStore|iPhone.Deploy.0 = Release|Any CPU
		{0492F74D-7489-42C9-B0F6-F56FF60EC9BA}.AppStore|iPhoneSimulator.ActiveCfg = Release|Any CPU
		{0492F74D-7489-42C9-B0F6-F56FF60EC9BA}.AppStore|iPhoneSimulator.Build.0 = Release|Any CPU
		{0492F74D-7489-42C9-B0F6-F56FF60EC9BA}.AppStore|iPhoneSimulator.Deploy.0 = Release|Any CPU
		{0492F74D-7489-42C9-B0F6-F56FF60EC9BA}.Debug|Any CPU.ActiveCfg = Debug|Any CPU
		{0492F74D-7489-42C9-B0F6-F56FF60EC9BA}.Debug|Any CPU.Build.0 = Debug|Any CPU
		{0492F74D-7489-42C9-B0F6-F56FF60EC9BA}.Debug|Any CPU.Deploy.0 = Debug|Any CPU
		{0492F74D-7489-42C9-B0F6-F56FF60EC9BA}.Debug|iPhone.ActiveCfg = Debug|Any CPU
		{0492F74D-7489-42C9-B0F6-F56FF60EC9BA}.Debug|iPhone.Build.0 = Debug|Any CPU
		{0492F74D-7489-42C9-B0F6-F56FF60EC9BA}.Debug|iPhone.Deploy.0 = Debug|Any CPU
		{0492F74D-7489-42C9-B0F6-F56FF60EC9BA}.Debug|iPhoneSimulator.ActiveCfg = Debug|Any CPU
		{0492F74D-7489-42C9-B0F6-F56FF60EC9BA}.Debug|iPhoneSimulator.Build.0 = Debug|Any CPU
		{0492F74D-7489-42C9-B0F6-F56FF60EC9BA}.Debug|iPhoneSimulator.Deploy.0 = Debug|Any CPU
		{0492F74D-7489-42C9-B0F6-F56FF60EC9BA}.Release|Any CPU.ActiveCfg = Release|Any CPU
		{0492F74D-7489-42C9-B0F6-F56FF60EC9BA}.Release|Any CPU.Build.0 = Release|Any CPU
		{0492F74D-7489-42C9-B0F6-F56FF60EC9BA}.Release|Any CPU.Deploy.0 = Release|Any CPU
		{0492F74D-7489-42C9-B0F6-F56FF60EC9BA}.Release|iPhone.ActiveCfg = Release|Any CPU
		{0492F74D-7489-42C9-B0F6-F56FF60EC9BA}.Release|iPhone.Build.0 = Release|Any CPU
		{0492F74D-7489-42C9-B0F6-F56FF60EC9BA}.Release|iPhone.Deploy.0 = Release|Any CPU
		{0492F74D-7489-42C9-B0F6-F56FF60EC9BA}.Release|iPhoneSimulator.ActiveCfg = Release|Any CPU
		{0492F74D-7489-42C9-B0F6-F56FF60EC9BA}.Release|iPhoneSimulator.Build.0 = Release|Any CPU
		{0492F74D-7489-42C9-B0F6-F56FF60EC9BA}.Release|iPhoneSimulator.Deploy.0 = Release|Any CPU
		{13A27B27-3EB4-4498-AD73-8E2084B946C4}.Ad-Hoc|Any CPU.ActiveCfg = Ad-Hoc|iPhone
		{13A27B27-3EB4-4498-AD73-8E2084B946C4}.Ad-Hoc|Any CPU.Build.0 = Ad-Hoc|iPhone
		{13A27B27-3EB4-4498-AD73-8E2084B946C4}.Ad-Hoc|Any CPU.Deploy.0 = Ad-Hoc|iPhone
		{13A27B27-3EB4-4498-AD73-8E2084B946C4}.Ad-Hoc|iPhone.ActiveCfg = Ad-Hoc|iPhone
		{13A27B27-3EB4-4498-AD73-8E2084B946C4}.Ad-Hoc|iPhone.Build.0 = Ad-Hoc|iPhone
		{13A27B27-3EB4-4498-AD73-8E2084B946C4}.Ad-Hoc|iPhone.Deploy.0 = Ad-Hoc|iPhone
		{13A27B27-3EB4-4498-AD73-8E2084B946C4}.Ad-Hoc|iPhoneSimulator.ActiveCfg = Ad-Hoc|iPhoneSimulator
		{13A27B27-3EB4-4498-AD73-8E2084B946C4}.Ad-Hoc|iPhoneSimulator.Build.0 = Ad-Hoc|iPhoneSimulator
		{13A27B27-3EB4-4498-AD73-8E2084B946C4}.Ad-Hoc|iPhoneSimulator.Deploy.0 = Ad-Hoc|iPhoneSimulator
		{13A27B27-3EB4-4498-AD73-8E2084B946C4}.AppStore|Any CPU.ActiveCfg = AppStore|iPhone
		{13A27B27-3EB4-4498-AD73-8E2084B946C4}.AppStore|Any CPU.Build.0 = AppStore|iPhone
		{13A27B27-3EB4-4498-AD73-8E2084B946C4}.AppStore|Any CPU.Deploy.0 = AppStore|iPhone
		{13A27B27-3EB4-4498-AD73-8E2084B946C4}.AppStore|iPhone.ActiveCfg = AppStore|iPhone
		{13A27B27-3EB4-4498-AD73-8E2084B946C4}.AppStore|iPhone.Build.0 = AppStore|iPhone
		{13A27B27-3EB4-4498-AD73-8E2084B946C4}.AppStore|iPhone.Deploy.0 = AppStore|iPhone
		{13A27B27-3EB4-4498-AD73-8E2084B946C4}.AppStore|iPhoneSimulator.ActiveCfg = AppStore|iPhoneSimulator
		{13A27B27-3EB4-4498-AD73-8E2084B946C4}.AppStore|iPhoneSimulator.Build.0 = AppStore|iPhoneSimulator
		{13A27B27-3EB4-4498-AD73-8E2084B946C4}.AppStore|iPhoneSimulator.Deploy.0 = AppStore|iPhoneSimulator
		{13A27B27-3EB4-4498-AD73-8E2084B946C4}.Debug|Any CPU.ActiveCfg = Debug|iPhoneSimulator
		{13A27B27-3EB4-4498-AD73-8E2084B946C4}.Debug|Any CPU.Build.0 = Debug|iPhoneSimulator
		{13A27B27-3EB4-4498-AD73-8E2084B946C4}.Debug|Any CPU.Deploy.0 = Debug|iPhoneSimulator
		{13A27B27-3EB4-4498-AD73-8E2084B946C4}.Debug|iPhone.ActiveCfg = Debug|iPhone
		{13A27B27-3EB4-4498-AD73-8E2084B946C4}.Debug|iPhone.Build.0 = Debug|iPhone
		{13A27B27-3EB4-4498-AD73-8E2084B946C4}.Debug|iPhone.Deploy.0 = Debug|iPhone
		{13A27B27-3EB4-4498-AD73-8E2084B946C4}.Debug|iPhoneSimulator.ActiveCfg = Debug|iPhoneSimulator
		{13A27B27-3EB4-4498-AD73-8E2084B946C4}.Debug|iPhoneSimulator.Build.0 = Debug|iPhoneSimulator
		{13A27B27-3EB4-4498-AD73-8E2084B946C4}.Debug|iPhoneSimulator.Deploy.0 = Debug|iPhoneSimulator
		{13A27B27-3EB4-4498-AD73-8E2084B946C4}.Release|Any CPU.ActiveCfg = Release|iPhone
		{13A27B27-3EB4-4498-AD73-8E2084B946C4}.Release|Any CPU.Build.0 = Release|iPhone
		{13A27B27-3EB4-4498-AD73-8E2084B946C4}.Release|Any CPU.Deploy.0 = Release|iPhone
		{13A27B27-3EB4-4498-AD73-8E2084B946C4}.Release|iPhone.ActiveCfg = Release|iPhone
		{13A27B27-3EB4-4498-AD73-8E2084B946C4}.Release|iPhone.Build.0 = Release|iPhone
		{13A27B27-3EB4-4498-AD73-8E2084B946C4}.Release|iPhone.Deploy.0 = Release|iPhone
		{13A27B27-3EB4-4498-AD73-8E2084B946C4}.Release|iPhoneSimulator.ActiveCfg = Release|iPhoneSimulator
		{13A27B27-3EB4-4498-AD73-8E2084B946C4}.Release|iPhoneSimulator.Build.0 = Release|iPhoneSimulator
		{13A27B27-3EB4-4498-AD73-8E2084B946C4}.Release|iPhoneSimulator.Deploy.0 = Release|iPhoneSimulator
		{57DCBF17-CE71-4DC7-A509-C77DA880AE09}.Ad-Hoc|Any CPU.ActiveCfg = Debug|Any CPU
		{57DCBF17-CE71-4DC7-A509-C77DA880AE09}.Ad-Hoc|Any CPU.Build.0 = Debug|Any CPU
		{57DCBF17-CE71-4DC7-A509-C77DA880AE09}.Ad-Hoc|Any CPU.Deploy.0 = Debug|Any CPU
		{57DCBF17-CE71-4DC7-A509-C77DA880AE09}.Ad-Hoc|iPhone.ActiveCfg = Debug|Any CPU
		{57DCBF17-CE71-4DC7-A509-C77DA880AE09}.Ad-Hoc|iPhone.Build.0 = Debug|Any CPU
		{57DCBF17-CE71-4DC7-A509-C77DA880AE09}.Ad-Hoc|iPhone.Deploy.0 = Debug|Any CPU
		{57DCBF17-CE71-4DC7-A509-C77DA880AE09}.Ad-Hoc|iPhoneSimulator.ActiveCfg = Debug|Any CPU
		{57DCBF17-CE71-4DC7-A509-C77DA880AE09}.Ad-Hoc|iPhoneSimulator.Build.0 = Debug|Any CPU
		{57DCBF17-CE71-4DC7-A509-C77DA880AE09}.Ad-Hoc|iPhoneSimulator.Deploy.0 = Debug|Any CPU
		{57DCBF17-CE71-4DC7-A509-C77DA880AE09}.AppStore|Any CPU.ActiveCfg = Debug|Any CPU
		{57DCBF17-CE71-4DC7-A509-C77DA880AE09}.AppStore|Any CPU.Build.0 = Debug|Any CPU
		{57DCBF17-CE71-4DC7-A509-C77DA880AE09}.AppStore|Any CPU.Deploy.0 = Debug|Any CPU
		{57DCBF17-CE71-4DC7-A509-C77DA880AE09}.AppStore|iPhone.ActiveCfg = Debug|Any CPU
		{57DCBF17-CE71-4DC7-A509-C77DA880AE09}.AppStore|iPhone.Build.0 = Debug|Any CPU
		{57DCBF17-CE71-4DC7-A509-C77DA880AE09}.AppStore|iPhone.Deploy.0 = Debug|Any CPU
		{57DCBF17-CE71-4DC7-A509-C77DA880AE09}.AppStore|iPhoneSimulator.ActiveCfg = Debug|Any CPU
		{57DCBF17-CE71-4DC7-A509-C77DA880AE09}.AppStore|iPhoneSimulator.Build.0 = Debug|Any CPU
		{57DCBF17-CE71-4DC7-A509-C77DA880AE09}.AppStore|iPhoneSimulator.Deploy.0 = Debug|Any CPU
		{57DCBF17-CE71-4DC7-A509-C77DA880AE09}.Debug|Any CPU.ActiveCfg = Debug|Any CPU
		{57DCBF17-CE71-4DC7-A509-C77DA880AE09}.Debug|Any CPU.Build.0 = Debug|Any CPU
		{57DCBF17-CE71-4DC7-A509-C77DA880AE09}.Debug|Any CPU.Deploy.0 = Debug|Any CPU
		{57DCBF17-CE71-4DC7-A509-C77DA880AE09}.Debug|iPhone.ActiveCfg = Debug|Any CPU
		{57DCBF17-CE71-4DC7-A509-C77DA880AE09}.Debug|iPhone.Build.0 = Debug|Any CPU
		{57DCBF17-CE71-4DC7-A509-C77DA880AE09}.Debug|iPhone.Deploy.0 = Debug|Any CPU
		{57DCBF17-CE71-4DC7-A509-C77DA880AE09}.Debug|iPhoneSimulator.ActiveCfg = Debug|Any CPU
		{57DCBF17-CE71-4DC7-A509-C77DA880AE09}.Debug|iPhoneSimulator.Build.0 = Debug|Any CPU
		{57DCBF17-CE71-4DC7-A509-C77DA880AE09}.Debug|iPhoneSimulator.Deploy.0 = Debug|Any CPU
		{57DCBF17-CE71-4DC7-A509-C77DA880AE09}.Release|Any CPU.ActiveCfg = Release|Any CPU
		{57DCBF17-CE71-4DC7-A509-C77DA880AE09}.Release|Any CPU.Build.0 = Release|Any CPU
		{57DCBF17-CE71-4DC7-A509-C77DA880AE09}.Release|Any CPU.Deploy.0 = Release|Any CPU
		{57DCBF17-CE71-4DC7-A509-C77DA880AE09}.Release|iPhone.ActiveCfg = Release|Any CPU
		{57DCBF17-CE71-4DC7-A509-C77DA880AE09}.Release|iPhone.Build.0 = Release|Any CPU
		{57DCBF17-CE71-4DC7-A509-C77DA880AE09}.Release|iPhone.Deploy.0 = Release|Any CPU
		{57DCBF17-CE71-4DC7-A509-C77DA880AE09}.Release|iPhoneSimulator.ActiveCfg = Release|Any CPU
		{57DCBF17-CE71-4DC7-A509-C77DA880AE09}.Release|iPhoneSimulator.Build.0 = Release|Any CPU
		{57DCBF17-CE71-4DC7-A509-C77DA880AE09}.Release|iPhoneSimulator.Deploy.0 = Release|Any CPU
	EndGlobalSection
	GlobalSection(SolutionProperties) = preSolution
		HideSolutionNode = FALSE
	EndGlobalSection
	GlobalSection(ExtensibilityGlobals) = postSolution
		SolutionGuid = {BEA5F893-76C8-4426-AB47-BB081B29B7FE}
	EndGlobalSection
EndGlobal
